github.com/PuerkitoBio/goquery v1.5.1 h1:PSPBGne8NIUWw+/7vFBV+kG2J/5MOjbzc7154OaKCSE=
github.com/PuerkitoBio/goquery v1.5.1/go.mod h1:GsLWisAFVj4WgDibEWF4pvYnkVQBpKBKeU+7zCJoLcc=
github.com/andybalholm/cascadia v1.1.0 h1:BuuO6sSfQNFRu1LppgbD25Hr2vLYW25JvxHs5zzsLTo=
github.com/andybalholm/cascadia v1.1.0/go.mod h1:GsXiBklL0woXo1j/WYWtSYYC4ouU9PqHO0sqidkEA4Y=
github.com/antonlindstrom/pgstore v0.0.0-20200229204646-b08ebf1105e0 h1:grN4CYLduV1d9SYBSYrAMPVf57cxEa7KhenvwOXTktw=
github.com/antonlindstrom/pgstore v0.0.0-20200229204646-b08ebf1105e0/go.mod h1:2Ti6VUHVxpC0VSmTZzEvpzysnaGAfGBOoMIz5ykPyyw=
github.com/ddddddO/tag-mng/internal/api/domain v0.0.0-20200505043242-77001cd8f7ea h1:3fffVlpKZmpUQB8Rv9gn0CDjsyBSnVAGcCZHemCZ8Is=
github.com/ddddddO/tag-mng/internal/api/domain v0.0.0-20200505043242-77001cd8f7ea/go.mod h1:W1ZY+Pd9yvBaCOeFz1yoRp8XL9Xdlz1JsfWu7picSsM=
github.com/ddddddO/tag-mng/internal/api/domain/model v0.0.0-20200505043242-77001cd8f7ea h1:T6YxbfWGhYa1obNAj4V6kjUheprpNB1V1tYWg1XJpUA=
github.com/ddddddO/tag-mng/internal/api/domain/model v0.0.0-20200505043242-77001cd8f7ea/go.mod h1:p9/aCjUadLj1W6bPts7F4BBOqyrzVM08VC5ur/JPMBY=
github.com/ddddddO/tag-mng/internal/api/handlers v0.0.0-20200505043242-77001cd8f7ea h1:TSoh+SpDCNGvFvW5Ua/xNS+RZw772nWl/UpKUdHvbVA=
github.com/ddddddO/tag-mng/internal/api/handlers v0.0.0-20200505043242-77001cd8f7ea/go.mod h1:gx3N8Wm2watryJrTWPCk7PMEkU/226fDPEuHCncvYiA=
github.com/ddddddO/tag-mng/internal/api/infra v0.0.0-20200505043242-77001cd8f7ea h1:JXMLPRjLm/AZXswH7GQJAou7dnfST2z95biTXeZS/5o=
github.com/ddddddO/tag-mng/internal/api/infra v0.0.0-20200505043242-77001cd8f7ea/go.mod h1:e2COEMdW/Fanmq35Xb3w4VcmZaUf+L9lqppZ5SAALhk=
github.com/ddddddO/tag-mng/internal/api/usecase v0.0.0-20200505043242-77001cd8f7ea h1:eSTzTAsyqRZRm7XCTsoqRc7qZodSYhoqqepKgpm0V54=
github.com/ddddddO/tag-mng/internal/api/usecase v0.0.0-20200505043242-77001cd8f7ea/go.mod h1:cGvcWxA2aSZZspVeT+u7cQ0QLFiWNpRtc6HmDYiJr60=
github.com/go-chi/chi v4.1.1+incompatible h1:MmTgB0R8Bt/jccxp+t6S/1VGIKdJw5J74CK/c9tTfA4=
github.com/go-chi/chi v4.1.1+incompatible/go.mod h1:eB3wogJHnLi3x/kFX2A+IbTBlXxmMeXJVKy9tTv1XzQ=
github.com/gorilla/securecookie v1.1.1 h1:miw7JPhV+b/lAHSXz4qd/nN9jRiAFV5FwjeKyCS8BvQ=
github.com/gorilla/securecookie v1.1.1/go.mod h1:ra0sb63/xPlUeL+yeDciTfxMRAA+MP+HVt/4epWDjd4=
github.com/gorilla/sessions v1.2.0 h1:S7P+1Hm5V/AT9cjEcUD5uDaQSX0OE577aCXgoaKpYbQ=
github.com/gorilla/sessions v1.2.0/go.mod h1:dk2InVEVJ0sfLlnXv9EAgkf6ecYs/i80K/zI+bUmuGM=
github.com/lib/pq v1.4.0 h1:TmtCFbH+Aw0AixwyttznSMQDgbR5Yed/Gg6S8Funrhc=
github.com/lib/pq v1.4.0/go.mod h1:5WUZQaWbwv1U+lTReE5YruASi9Al49XbQIvNi/34Woo=
github.com/pkg/errors v0.9.1 h1:FEBLx1zS214owpjy7qsBeixbURkuhQAwrK5UwLGTwt4=
github.com/pkg/errors v0.9.1/go.mod h1:bwawxfHBFNV+L2hUp1rHADufV3IMtnDRdf1r5NINEl0=
github.com/rs/cors v1.7.0 h1:+88SsELBHx5r+hZ8TCkggzSstaWNbDvThkVK8H6f9ik=
github.com/rs/cors v1.7.0/go.mod h1:gFx+x8UowdsKA9AchylcLynDq+nNFfI8FkUZdN/jGCU=
golang.org/x/crypto v0.0.0-20190308221718-c2843e01d9a2/go.mod h1:djNgcEr1/C05ACkg1iLfiJU5Ep61QUkGW8qpdssI0+w=
golang.org/x/net v0.0.0-20180218175443-cbe0f9307d01/go.mod h1:mL1N/T3taQHkDXs73rZJwtUhF3w3ftmwwsq0BUmARs4=
golang.org/x/net v0.0.0-20200202094626-16171245cfb2 h1:CCH4IOTTfewWjGOlSp+zGcjutRKlBEZQ6wTn8ozI/nI=
golang.org/x/net v0.0.0-20200202094626-16171245cfb2/go.mod h1:z5CRVTTTmAJ677TzLLGU+0bjPO0LkuOLi4/5GtJWs/s=
golang.org/x/sys v0.0.0-20190215142949-d0b11bdaac8a/go.mod h1:STP8DvDyc/dI5b8T5hshtkjS+E42TnysNCUPdjciGhY=
golang.org/x/text v0.3.0/go.mod h1:NqM8EUOU14njkJ3fqMW+pc6Ldnwhi/IjpwHt7yyuwOQ=
