github.com/ddddddO/tag-mng v0.0.0 h1:MsJTyr8QqE4dkDjLuTU6kpD8Z/EEYln58csW8TTaC3M=
github.com/ddddddO/tag-mng/internal/api/domain v0.0.0-20200505043242-77001cd8f7ea h1:3fffVlpKZmpUQB8Rv9gn0CDjsyBSnVAGcCZHemCZ8Is=
github.com/ddddddO/tag-mng/internal/api/domain v0.0.0-20200505043242-77001cd8f7ea/go.mod h1:W1ZY+Pd9yvBaCOeFz1yoRp8XL9Xdlz1JsfWu7picSsM=
github.com/ddddddO/tag-mng/internal/api/domain v0.0.0-20200505055231-a48236d7b293 h1:ISY3Uo3dU3M9woFm8iI/5r/CPHfsKgmq1ygzozl78AU=
github.com/ddddddO/tag-mng/internal/api/domain v0.0.0-20200505055231-a48236d7b293/go.mod h1:W1ZY+Pd9yvBaCOeFz1yoRp8XL9Xdlz1JsfWu7picSsM=
github.com/ddddddO/tag-mng/internal/api/domain v0.0.0-20200505071207-079974a87692 h1:l4OqaW8f+YKqdlyAUufSyukUTD1ILVsDOjVNphp67vM=
github.com/ddddddO/tag-mng/internal/api/domain v0.0.0-20200505071207-079974a87692/go.mod h1:W1ZY+Pd9yvBaCOeFz1yoRp8XL9Xdlz1JsfWu7picSsM=
github.com/ddddddO/tag-mng/internal/api/domain/model v0.0.0-20200505043242-77001cd8f7ea h1:T6YxbfWGhYa1obNAj4V6kjUheprpNB1V1tYWg1XJpUA=
github.com/ddddddO/tag-mng/internal/api/domain/model v0.0.0-20200505043242-77001cd8f7ea/go.mod h1:p9/aCjUadLj1W6bPts7F4BBOqyrzVM08VC5ur/JPMBY=
github.com/ddddddO/tag-mng/internal/api/domain/model v0.0.0-20200505055231-a48236d7b293 h1:6xvwHQ3k8/k/vMh4aK6fboFiWpc8R5IgfM2gQpBG6cM=
github.com/ddddddO/tag-mng/internal/api/domain/model v0.0.0-20200505055231-a48236d7b293/go.mod h1:p9/aCjUadLj1W6bPts7F4BBOqyrzVM08VC5ur/JPMBY=
github.com/ddddddO/tag-mng/internal/api/domain/model v0.0.0-20200505071207-079974a87692 h1:lKDhh8MMe73GIU8nveQQJqthKClucZ04YVrUrRdDAUU=
github.com/ddddddO/tag-mng/internal/api/domain/model v0.0.0-20200505071207-079974a87692/go.mod h1:p9/aCjUadLj1W6bPts7F4BBOqyrzVM08VC5ur/JPMBY=
github.com/ddddddO/tag-mng/internal/api/handlers v0.0.0-20200505043242-77001cd8f7ea h1:TSoh+SpDCNGvFvW5Ua/xNS+RZw772nWl/UpKUdHvbVA=
github.com/ddddddO/tag-mng/internal/api/handlers v0.0.0-20200505043242-77001cd8f7ea/go.mod h1:gx3N8Wm2watryJrTWPCk7PMEkU/226fDPEuHCncvYiA=
github.com/ddddddO/tag-mng/internal/api/handlers v0.0.0-20200505055231-a48236d7b293 h1:OoWpvuYby6F4+aYZpa9aDbksvd1kTxAWNtQdeLH4Frk=
github.com/ddddddO/tag-mng/internal/api/handlers v0.0.0-20200505055231-a48236d7b293/go.mod h1:46nYYNAmi4TcxFN62e66MofkDwhwlNLTDpQXqOWFyvI=
github.com/ddddddO/tag-mng/internal/api/handlers v0.0.0-20200505071207-079974a87692 h1:qOGEIsxwmnQ+esAU0MVVjkUFKt9cMOGbT5TEgpKo6FU=
github.com/ddddddO/tag-mng/internal/api/handlers v0.0.0-20200505071207-079974a87692/go.mod h1:46nYYNAmi4TcxFN62e66MofkDwhwlNLTDpQXqOWFyvI=
github.com/ddddddO/tag-mng/internal/api/infra v0.0.0-20200505043242-77001cd8f7ea h1:JXMLPRjLm/AZXswH7GQJAou7dnfST2z95biTXeZS/5o=
github.com/ddddddO/tag-mng/internal/api/infra v0.0.0-20200505043242-77001cd8f7ea/go.mod h1:e2COEMdW/Fanmq35Xb3w4VcmZaUf+L9lqppZ5SAALhk=
github.com/ddddddO/tag-mng/internal/api/infra v0.0.0-20200505055231-a48236d7b293 h1:1SbbVMmafVM9SwsPp+X+mRv6qKz4yM0cbHAc5ezGBW0=
github.com/ddddddO/tag-mng/internal/api/infra v0.0.0-20200505055231-a48236d7b293/go.mod h1:e2COEMdW/Fanmq35Xb3w4VcmZaUf+L9lqppZ5SAALhk=
github.com/ddddddO/tag-mng/internal/api/infra v0.0.0-20200505071207-079974a87692 h1:uwNWQcluOxa5RYvQ91VL/tbwbNFoP/YFGI+kglLyVmY=
github.com/ddddddO/tag-mng/internal/api/infra v0.0.0-20200505071207-079974a87692/go.mod h1:e2COEMdW/Fanmq35Xb3w4VcmZaUf+L9lqppZ5SAALhk=
github.com/ddddddO/tag-mng/internal/api/usecase v0.0.0-20200505043242-77001cd8f7ea h1:eSTzTAsyqRZRm7XCTsoqRc7qZodSYhoqqepKgpm0V54=
github.com/ddddddO/tag-mng/internal/api/usecase v0.0.0-20200505043242-77001cd8f7ea/go.mod h1:cGvcWxA2aSZZspVeT+u7cQ0QLFiWNpRtc6HmDYiJr60=
github.com/ddddddO/tag-mng/internal/api/usecase v0.0.0-20200505055231-a48236d7b293 h1:sqi8o9olt8OuSp/wwsQgVNLaODS6jGSuu8p6uQTx0cY=
github.com/ddddddO/tag-mng/internal/api/usecase v0.0.0-20200505055231-a48236d7b293/go.mod h1:cGvcWxA2aSZZspVeT+u7cQ0QLFiWNpRtc6HmDYiJr60=
github.com/ddddddO/tag-mng/internal/api/usecase v0.0.0-20200505071207-079974a87692 h1:bXspODsqAYpw40T7VelvysZvUtBaaulMZYi6Gl8T4eY=
github.com/ddddddO/tag-mng/internal/api/usecase v0.0.0-20200505071207-079974a87692/go.mod h1:cGvcWxA2aSZZspVeT+u7cQ0QLFiWNpRtc6HmDYiJr60=
github.com/go-chi/chi v4.1.1+incompatible h1:MmTgB0R8Bt/jccxp+t6S/1VGIKdJw5J74CK/c9tTfA4=
github.com/go-chi/chi v4.1.1+incompatible/go.mod h1:eB3wogJHnLi3x/kFX2A+IbTBlXxmMeXJVKy9tTv1XzQ=
github.com/gorilla/securecookie v1.1.1 h1:miw7JPhV+b/lAHSXz4qd/nN9jRiAFV5FwjeKyCS8BvQ=
github.com/gorilla/securecookie v1.1.1/go.mod h1:ra0sb63/xPlUeL+yeDciTfxMRAA+MP+HVt/4epWDjd4=
github.com/gorilla/sessions v1.2.0 h1:S7P+1Hm5V/AT9cjEcUD5uDaQSX0OE577aCXgoaKpYbQ=
github.com/gorilla/sessions v1.2.0/go.mod h1:dk2InVEVJ0sfLlnXv9EAgkf6ecYs/i80K/zI+bUmuGM=
github.com/lib/pq v1.5.1 h1:Jn6HYxiYrtQ92CopqJLvfPCJUrrruw1+1cn0jM9dKrI=
github.com/lib/pq v1.5.1/go.mod h1:5WUZQaWbwv1U+lTReE5YruASi9Al49XbQIvNi/34Woo=
github.com/rs/cors v1.7.0 h1:+88SsELBHx5r+hZ8TCkggzSstaWNbDvThkVK8H6f9ik=
github.com/rs/cors v1.7.0/go.mod h1:gFx+x8UowdsKA9AchylcLynDq+nNFfI8FkUZdN/jGCU=
