github.com/ddddddO/tag-mng/internal/api/domain v0.0.0-20200503153831-4be5a11c4241 h1:hFbfEmkKn05v4Sys08ahXMjbCeQcPSfgtr0h/ufGLBA=
github.com/ddddddO/tag-mng/internal/api/domain v0.0.0-20200503153831-4be5a11c4241/go.mod h1:W1ZY+Pd9yvBaCOeFz1yoRp8XL9Xdlz1JsfWu7picSsM=
github.com/ddddddO/tag-mng/internal/api/domain v0.0.0-20200504185335-1d6d199f6109 h1:ZkRJguRewAvo21e6aR3kRNtQQdHW+cTXcSFsIYLw7U0=
github.com/ddddddO/tag-mng/internal/api/domain v0.0.0-20200504185335-1d6d199f6109/go.mod h1:W1ZY+Pd9yvBaCOeFz1yoRp8XL9Xdlz1JsfWu7picSsM=
github.com/ddddddO/tag-mng/internal/api/domain v0.0.0-20200505035651-4c8679745313 h1:VQAR+P2k0ND+Zt0/6uXF8zqBVwQ0BDnQYPUSe+HAuXs=
github.com/ddddddO/tag-mng/internal/api/domain v0.0.0-20200505035651-4c8679745313/go.mod h1:W1ZY+Pd9yvBaCOeFz1yoRp8XL9Xdlz1JsfWu7picSsM=
github.com/ddddddO/tag-mng/internal/api/domain/model v0.0.0-20200503153831-4be5a11c4241 h1:oc34qhKC2te+bs3b5wW0597hvNlXvSMSv3p7DQUyN/U=
github.com/ddddddO/tag-mng/internal/api/domain/model v0.0.0-20200503153831-4be5a11c4241/go.mod h1:p9/aCjUadLj1W6bPts7F4BBOqyrzVM08VC5ur/JPMBY=
github.com/ddddddO/tag-mng/internal/api/domain/model v0.0.0-20200504185335-1d6d199f6109 h1:I6g06/AUS7yL1RwaTbm21fCMVYapPrld/ZSI/woj0eA=
github.com/ddddddO/tag-mng/internal/api/domain/model v0.0.0-20200504185335-1d6d199f6109/go.mod h1:p9/aCjUadLj1W6bPts7F4BBOqyrzVM08VC5ur/JPMBY=
github.com/ddddddO/tag-mng/internal/api/domain/model v0.0.0-20200505035651-4c8679745313 h1:i2GHrj+Aghq/hVzxh/AN/oxsRQcieBSlUaUXY1O5/kY=
github.com/ddddddO/tag-mng/internal/api/domain/model v0.0.0-20200505035651-4c8679745313/go.mod h1:p9/aCjUadLj1W6bPts7F4BBOqyrzVM08VC5ur/JPMBY=
github.com/ddddddO/tag-mng/internal/api/handlers v0.0.0-20200503153831-4be5a11c4241 h1:GEnoZxr5LIYykcN6rCZ9Jr426InsrQbzF3fSlWs27Aw=
github.com/ddddddO/tag-mng/internal/api/handlers v0.0.0-20200503153831-4be5a11c4241/go.mod h1:gx3N8Wm2watryJrTWPCk7PMEkU/226fDPEuHCncvYiA=
github.com/ddddddO/tag-mng/internal/api/handlers v0.0.0-20200504185335-1d6d199f6109 h1:G0rr+llbONF/fMwZHrcj+rvIqurSDN3Ikn16j3libDY=
github.com/ddddddO/tag-mng/internal/api/handlers v0.0.0-20200504185335-1d6d199f6109/go.mod h1:gx3N8Wm2watryJrTWPCk7PMEkU/226fDPEuHCncvYiA=
github.com/ddddddO/tag-mng/internal/api/handlers v0.0.0-20200505035651-4c8679745313 h1:wT8aiq7Ys6VwxsI/LlT1T0Bf3qdEH2UkJIdvVE29gRg=
github.com/ddddddO/tag-mng/internal/api/handlers v0.0.0-20200505035651-4c8679745313/go.mod h1:gx3N8Wm2watryJrTWPCk7PMEkU/226fDPEuHCncvYiA=
github.com/ddddddO/tag-mng/internal/api/handlers v0.0.0-20200505042323-42b6ed10e99d h1:UH3HCJqJtJNewfqkskDFqTEtpyUBpWJjyQFkVDWhoys=
github.com/ddddddO/tag-mng/internal/api/handlers v0.0.0-20200505042323-42b6ed10e99d/go.mod h1:gx3N8Wm2watryJrTWPCk7PMEkU/226fDPEuHCncvYiA=
github.com/ddddddO/tag-mng/internal/api/infra v0.0.0-20200503153831-4be5a11c4241 h1:OEpj0RzNhp6cApIyx62fTpeVECc0VlVv1tii+YROvUA=
github.com/ddddddO/tag-mng/internal/api/infra v0.0.0-20200503153831-4be5a11c4241/go.mod h1:e2COEMdW/Fanmq35Xb3w4VcmZaUf+L9lqppZ5SAALhk=
github.com/ddddddO/tag-mng/internal/api/infra v0.0.0-20200504185335-1d6d199f6109 h1:+Kfhrds3qZWE9A66kPSWabYRwUc04e5YgUTqPvQo/I4=
github.com/ddddddO/tag-mng/internal/api/infra v0.0.0-20200504185335-1d6d199f6109/go.mod h1:e2COEMdW/Fanmq35Xb3w4VcmZaUf+L9lqppZ5SAALhk=
github.com/ddddddO/tag-mng/internal/api/infra v0.0.0-20200505035651-4c8679745313 h1:gWde/eiE4u0AtvoZumO1dMLWx7GUHVml6tbFRV2o00g=
github.com/ddddddO/tag-mng/internal/api/infra v0.0.0-20200505035651-4c8679745313/go.mod h1:e2COEMdW/Fanmq35Xb3w4VcmZaUf+L9lqppZ5SAALhk=
github.com/ddddddO/tag-mng/internal/api/infra v0.0.0-20200505042323-42b6ed10e99d h1:ix//ivfr8e+Rd2YQJ2PzF4WWCAVOJUUB8sQGQyL5wgo=
github.com/ddddddO/tag-mng/internal/api/infra v0.0.0-20200505042323-42b6ed10e99d/go.mod h1:e2COEMdW/Fanmq35Xb3w4VcmZaUf+L9lqppZ5SAALhk=
github.com/ddddddO/tag-mng/internal/api/usecase v0.0.0-20200503153831-4be5a11c4241 h1:gRovqZZN/fg9KqZs1IwSlRuOffcYVVNu2hcs/88u0cc=
github.com/ddddddO/tag-mng/internal/api/usecase v0.0.0-20200503153831-4be5a11c4241/go.mod h1:cGvcWxA2aSZZspVeT+u7cQ0QLFiWNpRtc6HmDYiJr60=
github.com/ddddddO/tag-mng/internal/api/usecase v0.0.0-20200504185335-1d6d199f6109 h1:rHtjhtzYT1zctEkx4qJGM3OO4NFyq6/Fs/g7CXLP99Q=
github.com/ddddddO/tag-mng/internal/api/usecase v0.0.0-20200504185335-1d6d199f6109/go.mod h1:cGvcWxA2aSZZspVeT+u7cQ0QLFiWNpRtc6HmDYiJr60=
github.com/ddddddO/tag-mng/internal/api/usecase v0.0.0-20200505035651-4c8679745313 h1:DAsNu57aqLYagUds/DDfxCZ/CjKF0+hHcAtkvQgKY/0=
github.com/ddddddO/tag-mng/internal/api/usecase v0.0.0-20200505035651-4c8679745313/go.mod h1:cGvcWxA2aSZZspVeT+u7cQ0QLFiWNpRtc6HmDYiJr60=
github.com/ddddddO/tag-mng/internal/api/usecase v0.0.0-20200505042323-42b6ed10e99d h1:54MUvIa44pHK7TpZJUjCr4KgtmjhrdsLcvcMyA8nTcc=
github.com/ddddddO/tag-mng/internal/api/usecase v0.0.0-20200505042323-42b6ed10e99d/go.mod h1:cGvcWxA2aSZZspVeT+u7cQ0QLFiWNpRtc6HmDYiJr60=
github.com/go-chi/chi v4.1.1+incompatible h1:MmTgB0R8Bt/jccxp+t6S/1VGIKdJw5J74CK/c9tTfA4=
github.com/go-chi/chi v4.1.1+incompatible/go.mod h1:eB3wogJHnLi3x/kFX2A+IbTBlXxmMeXJVKy9tTv1XzQ=
github.com/gorilla/context v1.1.1 h1:AWwleXJkX/nhcU9bZSnZoi3h/qGYqQAGhq6zZe/aQW8=
github.com/gorilla/context v1.1.1/go.mod h1:kBGZzfjB9CEq2AlWe17Uuf7NDRt0dE0s8S51q0aT7Yg=
github.com/gorilla/securecookie v1.1.1 h1:miw7JPhV+b/lAHSXz4qd/nN9jRiAFV5FwjeKyCS8BvQ=
github.com/gorilla/securecookie v1.1.1/go.mod h1:ra0sb63/xPlUeL+yeDciTfxMRAA+MP+HVt/4epWDjd4=
github.com/gorilla/sessions v1.1.3 h1:uXoZdcdA5XdXF3QzuSlheVRUvjl+1rKY7zBXL68L9RU=
github.com/gorilla/sessions v1.1.3/go.mod h1:8KCfur6+4Mqcc6S0FEfKuN15Vl5MgXW92AE8ovaJD0w=
github.com/gorilla/sessions v1.2.0 h1:S7P+1Hm5V/AT9cjEcUD5uDaQSX0OE577aCXgoaKpYbQ=
github.com/gorilla/sessions v1.2.0/go.mod h1:dk2InVEVJ0sfLlnXv9EAgkf6ecYs/i80K/zI+bUmuGM=
github.com/lib/pq v1.3.0 h1:/qkRGz8zljWiDcFvgpwUpwIAPu3r07TDvs3Rws+o/pU=
github.com/lib/pq v1.3.0/go.mod h1:5WUZQaWbwv1U+lTReE5YruASi9Al49XbQIvNi/34Woo=
github.com/lib/pq v1.5.1 h1:Jn6HYxiYrtQ92CopqJLvfPCJUrrruw1+1cn0jM9dKrI=
github.com/lib/pq v1.5.1/go.mod h1:5WUZQaWbwv1U+lTReE5YruASi9Al49XbQIvNi/34Woo=
github.com/rs/cors v1.7.0 h1:+88SsELBHx5r+hZ8TCkggzSstaWNbDvThkVK8H6f9ik=
github.com/rs/cors v1.7.0/go.mod h1:gFx+x8UowdsKA9AchylcLynDq+nNFfI8FkUZdN/jGCU=
