github.com/ddddddO/tag-mng v0.0.0 h1:MsJTyr8QqE4dkDjLuTU6kpD8Z/EEYln58csW8TTaC3M=
github.com/ddddddO/tag-mng/internal/api/domain v0.0.0-20200505043242-77001cd8f7ea h1:3fffVlpKZmpUQB8Rv9gn0CDjsyBSnVAGcCZHemCZ8Is=
github.com/ddddddO/tag-mng/internal/api/domain v0.0.0-20200505043242-77001cd8f7ea/go.mod h1:W1ZY+Pd9yvBaCOeFz1yoRp8XL9Xdlz1JsfWu7picSsM=
github.com/ddddddO/tag-mng/internal/api/domain/model v0.0.0-20200505043242-77001cd8f7ea h1:T6YxbfWGhYa1obNAj4V6kjUheprpNB1V1tYWg1XJpUA=
github.com/ddddddO/tag-mng/internal/api/domain/model v0.0.0-20200505043242-77001cd8f7ea/go.mod h1:p9/aCjUadLj1W6bPts7F4BBOqyrzVM08VC5ur/JPMBY=
github.com/ddddddO/tag-mng/internal/api/usecase v0.0.0-20200505043242-77001cd8f7ea h1:eSTzTAsyqRZRm7XCTsoqRc7qZodSYhoqqepKgpm0V54=
github.com/ddddddO/tag-mng/internal/api/usecase v0.0.0-20200505043242-77001cd8f7ea/go.mod h1:cGvcWxA2aSZZspVeT+u7cQ0QLFiWNpRtc6HmDYiJr60=
github.com/gorilla/securecookie v1.1.1 h1:miw7JPhV+b/lAHSXz4qd/nN9jRiAFV5FwjeKyCS8BvQ=
github.com/gorilla/securecookie v1.1.1/go.mod h1:ra0sb63/xPlUeL+yeDciTfxMRAA+MP+HVt/4epWDjd4=
github.com/gorilla/sessions v1.2.0 h1:S7P+1Hm5V/AT9cjEcUD5uDaQSX0OE577aCXgoaKpYbQ=
github.com/gorilla/sessions v1.2.0/go.mod h1:dk2InVEVJ0sfLlnXv9EAgkf6ecYs/i80K/zI+bUmuGM=
